
Microsoft Visual Studio Solution File, Format Version 12.00
# Visual Studio Version 17
VisualStudioVersion = 17.12.35728.132
MinimumVisualStudioVersion = 10.0.40219.1
Project("{FAE04EC0-301F-11D3-BF4B-00C04F79EFBC}") = "LivrariaService", "LivrariaService\LivrariaService.csproj", "{780F74DA-3B54-4C9F-824F-999C30D8F36F}"
EndProject
Project("{FAE04EC0-301F-11D3-BF4B-00C04F79EFBC}") = "Domain", "Domain\Domain.csproj", "{7D2CA092-4345-47CD-8892-3F1AE1577CE2}"
EndProject
Project("{FAE04EC0-301F-11D3-BF4B-00C04F79EFBC}") = "Infrastructure", "Infrastructure\Infrastructure.csproj", "{49E4715C-AECD-432D-B20C-3EB428F49EB9}"
EndProject
Project("{FAE04EC0-301F-11D3-BF4B-00C04F79EFBC}") = "Application", "Application\Application.csproj", "{DBC4BEF8-6DB9-46BC-8D7E-A10211A00F27}"
EndProject
Global
	GlobalSection(SolutionConfigurationPlatforms) = preSolution
		Debug|Any CPU = Debug|Any CPU
		Release|Any CPU = Release|Any CPU
	EndGlobalSection
	GlobalSection(ProjectConfigurationPlatforms) = postSolution
		{780F74DA-3B54-4C9F-824F-999C30D8F36F}.Debug|Any CPU.ActiveCfg = Debug|Any CPU
		{780F74DA-3B54-4C9F-824F-999C30D8F36F}.Debug|Any CPU.Build.0 = Debug|Any CPU
		{780F74DA-3B54-4C9F-824F-999C30D8F36F}.Release|Any CPU.ActiveCfg = Release|Any CPU
		{780F74DA-3B54-4C9F-824F-999C30D8F36F}.Release|Any CPU.Build.0 = Release|Any CPU
		{7D2CA092-4345-47CD-8892-3F1AE1577CE2}.Debug|Any CPU.ActiveCfg = Debug|Any CPU
		{7D2CA092-4345-47CD-8892-3F1AE1577CE2}.Debug|Any CPU.Build.0 = Debug|Any CPU
		{7D2CA092-4345-47CD-8892-3F1AE1577CE2}.Release|Any CPU.ActiveCfg = Release|Any CPU
		{7D2CA092-4345-47CD-8892-3F1AE1577CE2}.Release|Any CPU.Build.0 = Release|Any CPU
		{49E4715C-AECD-432D-B20C-3EB428F49EB9}.Debug|Any CPU.ActiveCfg = Debug|Any CPU
		{49E4715C-AECD-432D-B20C-3EB428F49EB9}.Debug|Any CPU.Build.0 = Debug|Any CPU
		{49E4715C-AECD-432D-B20C-3EB428F49EB9}.Release|Any CPU.ActiveCfg = Release|Any CPU
		{49E4715C-AECD-432D-B20C-3EB428F49EB9}.Release|Any CPU.Build.0 = Release|Any CPU
		{DBC4BEF8-6DB9-46BC-8D7E-A10211A00F27}.Debug|Any CPU.ActiveCfg = Debug|Any CPU
		{DBC4BEF8-6DB9-46BC-8D7E-A10211A00F27}.Debug|Any CPU.Build.0 = Debug|Any CPU
		{DBC4BEF8-6DB9-46BC-8D7E-A10211A00F27}.Release|Any CPU.ActiveCfg = Release|Any CPU
		{DBC4BEF8-6DB9-46BC-8D7E-A10211A00F27}.Release|Any CPU.Build.0 = Release|Any CPU
	EndGlobalSection
	GlobalSection(SolutionProperties) = preSolution
		HideSolutionNode = FALSE
	EndGlobalSection
EndGlobal
